
Microsoft Visual Studio Solution File, Format Version 12.00
# Visual Studio 15
Project("{FAE04EC0-301F-11D3-BF4B-00C04F79EFBC}") = "Assembly-CSharp", "Assembly-CSharp.csproj", "{129808D2-1E1D-7BC1-5EFA-10F2520F3928}"
EndProject
Project("{FAE04EC0-301F-11D3-BF4B-00C04F79EFBC}") = "Assembly-CSharp-Editor", "Assembly-CSharp-Editor.csproj", "{823D618B-DA46-92A8-CCB0-0772477CDE21}"
EndProject
Global
	GlobalSection(SolutionConfigurationPlatforms) = preSolution
		Debug|Any CPU = Debug|Any CPU
		Release|Any CPU = Release|Any CPU
	EndGlobalSection
	GlobalSection(ProjectConfigurationPlatforms) = postSolution
		{129808D2-1E1D-7BC1-5EFA-10F2520F3928}.Debug|Any CPU.ActiveCfg = Debug|Any CPU
		{129808D2-1E1D-7BC1-5EFA-10F2520F3928}.Debug|Any CPU.Build.0 = Debug|Any CPU
		{129808D2-1E1D-7BC1-5EFA-10F2520F3928}.Release|Any CPU.ActiveCfg = Release|Any CPU
		{129808D2-1E1D-7BC1-5EFA-10F2520F3928}.Release|Any CPU.Build.0 = Release|Any CPU
		{823D618B-DA46-92A8-CCB0-0772477CDE21}.Debug|Any CPU.ActiveCfg = Debug|Any CPU
		{823D618B-DA46-92A8-CCB0-0772477CDE21}.Debug|Any CPU.Build.0 = Debug|Any CPU
		{823D618B-DA46-92A8-CCB0-0772477CDE21}.Release|Any CPU.ActiveCfg = Release|Any CPU
		{823D618B-DA46-92A8-CCB0-0772477CDE21}.Release|Any CPU.Build.0 = Release|Any CPU
	EndGlobalSection
	GlobalSection(SolutionProperties) = preSolution
		HideSolutionNode = FALSE
	EndGlobalSection
EndGlobal
